
Microsoft Visual Studio Solution File, Format Version 12.00
# Visual Studio Version 17
VisualStudioVersion = 17.11.35312.102
MinimumVisualStudioVersion = 10.0.40219.1
Project("{9A19103F-16F7-4668-BE54-9A1E7A4F7556}") = "SSCP.Web", "SSCP.Web\SSCP.Web.csproj", "{3FED51BE-2B6C-4706-8699-C0918D83FC73}"
EndProject
Global
	GlobalSection(SolutionConfigurationPlatforms) = preSolution
		Debug|Any CPU = Debug|Any CPU
		Release|Any CPU = Release|Any CPU
	EndGlobalSection
	GlobalSection(ProjectConfigurationPlatforms) = postSolution
		{3FED51BE-2B6C-4706-8699-C0918D83FC73}.Debug|Any CPU.ActiveCfg = Debug|Any CPU
		{3FED51BE-2B6C-4706-8699-C0918D83FC73}.Debug|Any CPU.Build.0 = Debug|Any CPU
		{3FED51BE-2B6C-4706-8699-C0918D83FC73}.Release|Any CPU.ActiveCfg = Release|Any CPU
		{3FED51BE-2B6C-4706-8699-C0918D83FC73}.Release|Any CPU.Build.0 = Release|Any CPU
	EndGlobalSection
	GlobalSection(SolutionProperties) = preSolution
		HideSolutionNode = FALSE
	EndGlobalSection
	GlobalSection(ExtensibilityGlobals) = postSolution
		SolutionGuid = {F6C61E92-197D-4FBC-B5D9-375C61D73606}
	EndGlobalSection
EndGlobal
